
Microsoft Visual Studio Solution File, Format Version 12.00
# Visual Studio Version 17
VisualStudioVersion = 17.14.36414.22 d17.14
MinimumVisualStudioVersion = 10.0.40219.1
Project("{FAE04EC0-301F-11D3-BF4B-00C04F79EFBC}") = "vizsgaController", "vizsgaController.csproj", "{94BDA310-02C4-4AA9-949D-31E4426D9226}"
EndProject
Global
	GlobalSection(SolutionConfigurationPlatforms) = preSolution
		Debug|Any CPU = Debug|Any CPU
		Release|Any CPU = Release|Any CPU
	EndGlobalSection
	GlobalSection(ProjectConfigurationPlatforms) = postSolution
		{94BDA310-02C4-4AA9-949D-31E4426D9226}.Debug|Any CPU.ActiveCfg = Debug|Any CPU
		{94BDA310-02C4-4AA9-949D-31E4426D9226}.Debug|Any CPU.Build.0 = Debug|Any CPU
		{94BDA310-02C4-4AA9-949D-31E4426D9226}.Release|Any CPU.ActiveCfg = Release|Any CPU
		{94BDA310-02C4-4AA9-949D-31E4426D9226}.Release|Any CPU.Build.0 = Release|Any CPU
	EndGlobalSection
	GlobalSection(SolutionProperties) = preSolution
		HideSolutionNode = FALSE
	EndGlobalSection
	GlobalSection(ExtensibilityGlobals) = postSolution
		SolutionGuid = {BE50BCE2-12FA-4329-84D1-BC95F64F7B8C}
	EndGlobalSection
EndGlobal
